// !$*UTF8*$!
{
	archiveVersion = 1;
	classes = {
	};
	objectVersion = 46;
	objects = {

/* Begin PBXBuildFile section */
		2B0EF59A1A59560C0022E35E /* sub_distant_folder.cc in Sources */ = {isa = PBXBuildFile; fileRef = 2B0EF5981A59560C0022E35E /* sub_distant_folder.cc */; };
		2B0EF59B1A59560C0022E35E /* sub_distant_folder.hh in Headers */ = {isa = PBXBuildFile; fileRef = 2B0EF5991A59560C0022E35E /* sub_distant_folder.hh */; };
		2B4001EA1A57C4E2002261CC /* automatic_session.cc in Sources */ = {isa = PBXBuildFile; fileRef = 2B4001821A57350D002261CC /* automatic_session.cc */; };
		2B4001EB1A57C4E2002261CC /* async.cc in Sources */ = {isa = PBXBuildFile; fileRef = 2B4001DE1A5771F7002261CC /* async.cc */; };
		2B4001EC1A57C4E2002261CC /* conflict.cc in Sources */ = {isa = PBXBuildFile; fileRef = 2B4001D81A576148002261CC /* conflict.cc */; };
		2B4001ED1A57C4E2002261CC /* handle_conflict.cc in Sources */ = {isa = PBXBuildFile; fileRef = 2B4001DA1A576148002261CC /* handle_conflict.cc */; };
		2B4001EE1A57C4E2002261CC /* mk_local_filesystem.cc in Sources */ = {isa = PBXBuildFile; fileRef = 2B4001A21A5739F2002261CC /* mk_local_filesystem.cc */; };
		2B4001EF1A57C4E2002261CC /* mk_distant_filesystem.cc in Sources */ = {isa = PBXBuildFile; fileRef = 2B4001A51A573BB7002261CC /* mk_distant_filesystem.cc */; };
		2B4001F01A57C4E2002261CC /* pull.cc in Sources */ = {isa = PBXBuildFile; fileRef = 2B4001D21A5760CC002261CC /* pull.cc */; };
		2B4001F11A57C4E2002261CC /* push.cc in Sources */ = {isa = PBXBuildFile; fileRef = 2B4001D41A5760CC002261CC /* push.cc */; };
		2B4001F21A57C4E2002261CC /* make_distant_filesystem.cc in Sources */ = {isa = PBXBuildFile; fileRef = 2B40018B1A57350D002261CC /* make_distant_filesystem.cc */; };
		2B4001F31A57C4E2002261CC /* make_local_filesystem.cc in Sources */ = {isa = PBXBuildFile; fileRef = 2B40018F1A57350D002261CC /* make_local_filesystem.cc */; };
		2B4001F41A57C4E2002261CC /* session.cc in Sources */ = {isa = PBXBuildFile; fileRef = 2B4001961A57350D002261CC /* session.cc */; };
		2B4001F51A57C4E2002261CC /* synchronize.cc in Sources */ = {isa = PBXBuildFile; fileRef = 2B4001D01A575F54002261CC /* synchronize.cc */; };
		2B4001FD1A57C541002261CC /* main.cc in Sources */ = {isa = PBXBuildFile; fileRef = 2B4001FC1A57C541002261CC /* main.cc */; };
		2B4002031A57C567002261CC /* liblibntx.a in Frameworks */ = {isa = PBXBuildFile; fileRef = 2B4001E61A57C4C8002261CC /* liblibntx.a */; };
		2B4002071A57E6A3002261CC /* md5.cc in Sources */ = {isa = PBXBuildFile; fileRef = 2B4002051A57E6A3002261CC /* md5.cc */; };
		2B4002081A57E6A3002261CC /* md5.hh in Headers */ = {isa = PBXBuildFile; fileRef = 2B4002061A57E6A3002261CC /* md5.hh */; };
		2B40020B1A57F315002261CC /* configure.cc in Sources */ = {isa = PBXBuildFile; fileRef = 2B4002091A57F315002261CC /* configure.cc */; };
		2B4002241A5935EF002261CC /* normalize_utf8.cc in Sources */ = {isa = PBXBuildFile; fileRef = 2B4002221A5935EF002261CC /* normalize_utf8.cc */; };
		2B4002251A5935EF002261CC /* normalize_utf8.hh in Headers */ = {isa = PBXBuildFile; fileRef = 2B4002231A5935EF002261CC /* normalize_utf8.hh */; };
		2B5989361A5F24F80083F4AF /* liblibntx.a in Sources */ = {isa = PBXBuildFile; fileRef = 2B4001E61A57C4C8002261CC /* liblibntx.a */; };
		2B8CAC591A5F28750028704F /* local_filesystem.cc in Sources */ = {isa = PBXBuildFile; fileRef = 2B5989351A5F24910083F4AF /* local_filesystem.cc */; };
		2BAAC9DC1A60855D009E43BB /* configuration.cc in Sources */ = {isa = PBXBuildFile; fileRef = 2BAAC9DB1A60855D009E43BB /* configuration.cc */; };
		2BAAC9DE1A60876A009E43BB /* distant_filesystem.cc in Sources */ = {isa = PBXBuildFile; fileRef = 2BAAC9DD1A60876A009E43BB /* distant_filesystem.cc */; };
		2BDBC2461A5A7AF50046C043 /* unicode.cpp in Sources */ = {isa = PBXBuildFile; fileRef = 2BDBC23C1A5A7AF50046C043 /* unicode.cpp */; };
		2BDBC2471A5A7AF50046C043 /* unicode.h in Headers */ = {isa = PBXBuildFile; fileRef = 2BDBC23D1A5A7AF50046C043 /* unicode.h */; };
		2BDBC2481A5A7AF50046C043 /* uninorms.cpp in Sources */ = {isa = PBXBuildFile; fileRef = 2BDBC23E1A5A7AF50046C043 /* uninorms.cpp */; };
		2BDBC2491A5A7AF50046C043 /* uninorms.h in Headers */ = {isa = PBXBuildFile; fileRef = 2BDBC23F1A5A7AF50046C043 /* uninorms.h */; };
		2BDBC24A1A5A7AF50046C043 /* unistrip.cpp in Sources */ = {isa = PBXBuildFile; fileRef = 2BDBC2401A5A7AF50046C043 /* unistrip.cpp */; };
		2BDBC24B1A5A7AF50046C043 /* unistrip.h in Headers */ = {isa = PBXBuildFile; fileRef = 2BDBC2411A5A7AF50046C043 /* unistrip.h */; };
		2BDBC24C1A5A7AF50046C043 /* utf16.cpp in Sources */ = {isa = PBXBuildFile; fileRef = 2BDBC2421A5A7AF50046C043 /* utf16.cpp */; };
		2BDBC24D1A5A7AF50046C043 /* utf16.h in Headers */ = {isa = PBXBuildFile; fileRef = 2BDBC2431A5A7AF50046C043 /* utf16.h */; };
		2BDBC24E1A5A7AF50046C043 /* utf8.cpp in Sources */ = {isa = PBXBuildFile; fileRef = 2BDBC2441A5A7AF50046C043 /* utf8.cpp */; };
		2BDBC24F1A5A7AF50046C043 /* utf8.h in Headers */ = {isa = PBXBuildFile; fileRef = 2BDBC2451A5A7AF50046C043 /* utf8.h */; };
/* End PBXBuildFile section */

/* Begin PBXContainerItemProxy section */
		2B4002011A57C563002261CC /* PBXContainerItemProxy */ = {
			isa = PBXContainerItemProxy;
			containerPortal = 2B67A0D61A51D07300DB958A /* Project object */;
			proxyType = 1;
			remoteGlobalIDString = 2B4001E51A57C4C8002261CC;
			remoteInfo = libntx;
		};
/* End PBXContainerItemProxy section */

/* Begin PBXCopyFilesBuildPhase section */
		2B4001F81A57C541002261CC /* CopyFiles */ = {
			isa = PBXCopyFilesBuildPhase;
			buildActionMask = 2147483647;
			dstPath = /usr/share/man/man1/;
			dstSubfolderSpec = 0;
			files = (
			);
			runOnlyForDeploymentPostprocessing = 1;
		};
/* End PBXCopyFilesBuildPhase section */

/* Begin PBXFileReference section */
		2B0EF5981A59560C0022E35E /* sub_distant_folder.cc */ = {isa = PBXFileReference; fileEncoding = 4; lastKnownFileType = sourcecode.cpp.cpp; path = sub_distant_folder.cc; sourceTree = "<group>"; };
		2B0EF5991A59560C0022E35E /* sub_distant_folder.hh */ = {isa = PBXFileReference; fileEncoding = 4; lastKnownFileType = sourcecode.cpp.h; path = sub_distant_folder.hh; sourceTree = "<group>"; };
		2B4001821A57350D002261CC /* automatic_session.cc */ = {isa = PBXFileReference; fileEncoding = 4; lastKnownFileType = sourcecode.cpp.cpp; path = automatic_session.cc; sourceTree = "<group>"; };
		2B4001831A57350D002261CC /* automatic_session.hh */ = {isa = PBXFileReference; fileEncoding = 4; lastKnownFileType = sourcecode.cpp.h; path = automatic_session.hh; sourceTree = "<group>"; };
		2B4001841A57350D002261CC /* CMakeLists.txt */ = {isa = PBXFileReference; fileEncoding = 4; lastKnownFileType = text; path = CMakeLists.txt; sourceTree = "<group>"; };
		2B4001851A57350D002261CC /* configuration.hh */ = {isa = PBXFileReference; fileEncoding = 4; lastKnownFileType = sourcecode.cpp.h; path = configuration.hh; sourceTree = "<group>"; };
		2B40018A1A57350D002261CC /* async.hh */ = {isa = PBXFileReference; fileEncoding = 4; lastKnownFileType = sourcecode.cpp.h; path = async.hh; sourceTree = "<group>"; };
		2B40018B1A57350D002261CC /* make_distant_filesystem.cc */ = {isa = PBXFileReference; fileEncoding = 4; lastKnownFileType = sourcecode.cpp.cpp; path = make_distant_filesystem.cc; sourceTree = "<group>"; };
		2B40018C1A57350D002261CC /* make_distant_filesystem.hh */ = {isa = PBXFileReference; fileEncoding = 4; lastKnownFileType = sourcecode.cpp.h; path = make_distant_filesystem.hh; sourceTree = "<group>"; };
		2B40018D1A57350D002261CC /* distant_filesystem.hh */ = {isa = PBXFileReference; fileEncoding = 4; lastKnownFileType = sourcecode.cpp.h; path = distant_filesystem.hh; sourceTree = "<group>"; };
		2B40018F1A57350D002261CC /* make_local_filesystem.cc */ = {isa = PBXFileReference; fileEncoding = 4; lastKnownFileType = sourcecode.cpp.cpp; path = make_local_filesystem.cc; sourceTree = "<group>"; };
		2B4001901A57350D002261CC /* make_local_filesystem.hh */ = {isa = PBXFileReference; fileEncoding = 4; lastKnownFileType = sourcecode.cpp.h; path = make_local_filesystem.hh; sourceTree = "<group>"; };
		2B4001961A57350D002261CC /* session.cc */ = {isa = PBXFileReference; fileEncoding = 4; lastKnownFileType = sourcecode.cpp.cpp; path = session.cc; sourceTree = "<group>"; };
		2B4001971A57350D002261CC /* session.hh */ = {isa = PBXFileReference; fileEncoding = 4; lastKnownFileType = sourcecode.cpp.h; path = session.hh; sourceTree = "<group>"; };
		2B4001981A57350D002261CC /* synchronize.hh */ = {isa = PBXFileReference; fileEncoding = 4; lastKnownFileType = sourcecode.cpp.h; path = synchronize.hh; sourceTree = "<group>"; };
		2B4001A21A5739F2002261CC /* mk_local_filesystem.cc */ = {isa = PBXFileReference; fileEncoding = 4; lastKnownFileType = sourcecode.cpp.cpp; path = mk_local_filesystem.cc; sourceTree = "<group>"; };
		2B4001A31A5739F2002261CC /* mk_local_filesystem.hh */ = {isa = PBXFileReference; fileEncoding = 4; lastKnownFileType = sourcecode.cpp.h; path = mk_local_filesystem.hh; sourceTree = "<group>"; };
		2B4001A51A573BB7002261CC /* mk_distant_filesystem.cc */ = {isa = PBXFileReference; fileEncoding = 4; lastKnownFileType = sourcecode.cpp.cpp; path = mk_distant_filesystem.cc; sourceTree = "<group>"; };
		2B4001A61A573BB7002261CC /* mk_distant_filesystem.hh */ = {isa = PBXFileReference; fileEncoding = 4; lastKnownFileType = sourcecode.cpp.h; path = mk_distant_filesystem.hh; sourceTree = "<group>"; };
		2B4001A81A573E19002261CC /* distant_fs_impl.hh */ = {isa = PBXFileReference; lastKnownFileType = sourcecode.cpp.h; path = distant_fs_impl.hh; sourceTree = "<group>"; };
		2B4001A91A573E5E002261CC /* distant_filesystem_fwd.hh */ = {isa = PBXFileReference; lastKnownFileType = sourcecode.cpp.h; path = distant_filesystem_fwd.hh; sourceTree = "<group>"; };
		2B4001AA1A573EE1002261CC /* types.hh */ = {isa = PBXFileReference; lastKnownFileType = sourcecode.cpp.h; path = types.hh; sourceTree = "<group>"; };
		2B4001AD1A5749C9002261CC /* allocators.h */ = {isa = PBXFileReference; fileEncoding = 4; lastKnownFileType = sourcecode.c.h; path = allocators.h; sourceTree = "<group>"; };
		2B4001AE1A5749C9002261CC /* document.h */ = {isa = PBXFileReference; fileEncoding = 4; lastKnownFileType = sourcecode.c.h; path = document.h; sourceTree = "<group>"; };
		2B4001AF1A5749C9002261CC /* encodedstream.h */ = {isa = PBXFileReference; fileEncoding = 4; lastKnownFileType = sourcecode.c.h; path = encodedstream.h; sourceTree = "<group>"; };
		2B4001B01A5749C9002261CC /* encodings.h */ = {isa = PBXFileReference; fileEncoding = 4; lastKnownFileType = sourcecode.c.h; path = encodings.h; sourceTree = "<group>"; };
		2B4001B21A5749C9002261CC /* en.h */ = {isa = PBXFileReference; fileEncoding = 4; lastKnownFileType = sourcecode.c.h; path = en.h; sourceTree = "<group>"; };
		2B4001B31A5749C9002261CC /* error.h */ = {isa = PBXFileReference; fileEncoding = 4; lastKnownFileType = sourcecode.c.h; path = error.h; sourceTree = "<group>"; };
		2B4001B41A5749C9002261CC /* filereadstream.h */ = {isa = PBXFileReference; fileEncoding = 4; lastKnownFileType = sourcecode.c.h; path = filereadstream.h; sourceTree = "<group>"; };
		2B4001B51A5749C9002261CC /* filestream.h */ = {isa = PBXFileReference; fileEncoding = 4; lastKnownFileType = sourcecode.c.h; path = filestream.h; sourceTree = "<group>"; };
		2B4001B61A5749C9002261CC /* filewritestream.h */ = {isa = PBXFileReference; fileEncoding = 4; lastKnownFileType = sourcecode.c.h; path = filewritestream.h; sourceTree = "<group>"; };
		2B4001B81A5749C9002261CC /* biginteger.h */ = {isa = PBXFileReference; fileEncoding = 4; lastKnownFileType = sourcecode.c.h; path = biginteger.h; sourceTree = "<group>"; };
		2B4001B91A5749C9002261CC /* diyfp.h */ = {isa = PBXFileReference; fileEncoding = 4; lastKnownFileType = sourcecode.c.h; path = diyfp.h; sourceTree = "<group>"; };
		2B4001BA1A5749C9002261CC /* dtoa.h */ = {isa = PBXFileReference; fileEncoding = 4; lastKnownFileType = sourcecode.c.h; path = dtoa.h; sourceTree = "<group>"; };
		2B4001BB1A5749C9002261CC /* ieee754.h */ = {isa = PBXFileReference; fileEncoding = 4; lastKnownFileType = sourcecode.c.h; path = ieee754.h; sourceTree = "<group>"; };
		2B4001BC1A5749C9002261CC /* itoa.h */ = {isa = PBXFileReference; fileEncoding = 4; lastKnownFileType = sourcecode.c.h; path = itoa.h; sourceTree = "<group>"; };
		2B4001BD1A5749C9002261CC /* meta.h */ = {isa = PBXFileReference; fileEncoding = 4; lastKnownFileType = sourcecode.c.h; path = meta.h; sourceTree = "<group>"; };
		2B4001BE1A5749C9002261CC /* pow10.h */ = {isa = PBXFileReference; fileEncoding = 4; lastKnownFileType = sourcecode.c.h; path = pow10.h; sourceTree = "<group>"; };
		2B4001BF1A5749C9002261CC /* stack.h */ = {isa = PBXFileReference; fileEncoding = 4; lastKnownFileType = sourcecode.c.h; path = stack.h; sourceTree = "<group>"; };
		2B4001C01A5749C9002261CC /* strfunc.h */ = {isa = PBXFileReference; fileEncoding = 4; lastKnownFileType = sourcecode.c.h; path = strfunc.h; sourceTree = "<group>"; };
		2B4001C11A5749C9002261CC /* strtod.h */ = {isa = PBXFileReference; fileEncoding = 4; lastKnownFileType = sourcecode.c.h; path = strtod.h; sourceTree = "<group>"; };
		2B4001C21A5749C9002261CC /* memorybuffer.h */ = {isa = PBXFileReference; fileEncoding = 4; lastKnownFileType = sourcecode.c.h; path = memorybuffer.h; sourceTree = "<group>"; };
		2B4001C31A5749C9002261CC /* memorystream.h */ = {isa = PBXFileReference; fileEncoding = 4; lastKnownFileType = sourcecode.c.h; path = memorystream.h; sourceTree = "<group>"; };
		2B4001C51A5749C9002261CC /* inttypes.h */ = {isa = PBXFileReference; fileEncoding = 4; lastKnownFileType = sourcecode.c.h; path = inttypes.h; sourceTree = "<group>"; };
		2B4001C61A5749C9002261CC /* stdint.h */ = {isa = PBXFileReference; fileEncoding = 4; lastKnownFileType = sourcecode.c.h; path = stdint.h; sourceTree = "<group>"; };
		2B4001C71A5749C9002261CC /* prettywriter.h */ = {isa = PBXFileReference; fileEncoding = 4; lastKnownFileType = sourcecode.c.h; path = prettywriter.h; sourceTree = "<group>"; };
		2B4001C81A5749C9002261CC /* rapidjson.h */ = {isa = PBXFileReference; fileEncoding = 4; lastKnownFileType = sourcecode.c.h; path = rapidjson.h; sourceTree = "<group>"; };
		2B4001C91A5749C9002261CC /* reader.h */ = {isa = PBXFileReference; fileEncoding = 4; lastKnownFileType = sourcecode.c.h; path = reader.h; sourceTree = "<group>"; };
		2B4001CA1A5749C9002261CC /* stringbuffer.h */ = {isa = PBXFileReference; fileEncoding = 4; lastKnownFileType = sourcecode.c.h; path = stringbuffer.h; sourceTree = "<group>"; };
		2B4001CB1A5749C9002261CC /* writer.h */ = {isa = PBXFileReference; fileEncoding = 4; lastKnownFileType = sourcecode.c.h; path = writer.h; sourceTree = "<group>"; };
		2B4001CF1A575F23002261CC /* synchronize.hh */ = {isa = PBXFileReference; lastKnownFileType = sourcecode.cpp.h; path = synchronize.hh; sourceTree = "<group>"; };
		2B4001D01A575F54002261CC /* synchronize.cc */ = {isa = PBXFileReference; fileEncoding = 4; lastKnownFileType = sourcecode.cpp.cpp; path = synchronize.cc; sourceTree = "<group>"; };
		2B4001D21A5760CC002261CC /* pull.cc */ = {isa = PBXFileReference; fileEncoding = 4; lastKnownFileType = sourcecode.cpp.cpp; path = pull.cc; sourceTree = "<group>"; };
		2B4001D31A5760CC002261CC /* pull.hh */ = {isa = PBXFileReference; fileEncoding = 4; lastKnownFileType = sourcecode.cpp.h; path = pull.hh; sourceTree = "<group>"; };
		2B4001D41A5760CC002261CC /* push.cc */ = {isa = PBXFileReference; fileEncoding = 4; lastKnownFileType = sourcecode.cpp.cpp; path = push.cc; sourceTree = "<group>"; };
		2B4001D51A5760CC002261CC /* push.hh */ = {isa = PBXFileReference; fileEncoding = 4; lastKnownFileType = sourcecode.cpp.h; path = push.hh; sourceTree = "<group>"; };
		2B4001D81A576148002261CC /* conflict.cc */ = {isa = PBXFileReference; fileEncoding = 4; lastKnownFileType = sourcecode.cpp.cpp; path = conflict.cc; sourceTree = "<group>"; };
		2B4001D91A576148002261CC /* conflict.hh */ = {isa = PBXFileReference; fileEncoding = 4; lastKnownFileType = sourcecode.cpp.h; path = conflict.hh; sourceTree = "<group>"; };
		2B4001DA1A576148002261CC /* handle_conflict.cc */ = {isa = PBXFileReference; fileEncoding = 4; lastKnownFileType = sourcecode.cpp.cpp; path = handle_conflict.cc; sourceTree = "<group>"; };
		2B4001DB1A576148002261CC /* handle_conflict.hh */ = {isa = PBXFileReference; fileEncoding = 4; lastKnownFileType = sourcecode.cpp.h; path = handle_conflict.hh; sourceTree = "<group>"; };
		2B4001DE1A5771F7002261CC /* async.cc */ = {isa = PBXFileReference; fileEncoding = 4; lastKnownFileType = sourcecode.cpp.cpp; path = async.cc; sourceTree = "<group>"; };
		2B4001E01A57B327002261CC /* json_object.hh */ = {isa = PBXFileReference; lastKnownFileType = sourcecode.cpp.h; path = json_object.hh; sourceTree = "<group>"; };
		2B4001E61A57C4C8002261CC /* liblibntx.a */ = {isa = PBXFileReference; explicitFileType = archive.ar; includeInIndex = 0; path = liblibntx.a; sourceTree = BUILT_PRODUCTS_DIR; };
		2B4001FA1A57C541002261CC /* sync */ = {isa = PBXFileReference; explicitFileType = "compiled.mach-o.executable"; includeInIndex = 0; path = sync; sourceTree = BUILT_PRODUCTS_DIR; };
		2B4001FC1A57C541002261CC /* main.cc */ = {isa = PBXFileReference; lastKnownFileType = sourcecode.cpp.cpp; path = main.cc; sourceTree = "<group>"; };
		2B4002041A57C5C7002261CC /* CMakeLists.txt */ = {isa = PBXFileReference; lastKnownFileType = text; path = CMakeLists.txt; sourceTree = "<group>"; };
		2B4002051A57E6A3002261CC /* md5.cc */ = {isa = PBXFileReference; fileEncoding = 4; lastKnownFileType = sourcecode.cpp.cpp; path = md5.cc; sourceTree = "<group>"; };
		2B4002061A57E6A3002261CC /* md5.hh */ = {isa = PBXFileReference; fileEncoding = 4; lastKnownFileType = sourcecode.cpp.h; path = md5.hh; sourceTree = "<group>"; };
		2B4002091A57F315002261CC /* configure.cc */ = {isa = PBXFileReference; fileEncoding = 4; lastKnownFileType = sourcecode.cpp.cpp; path = configure.cc; sourceTree = "<group>"; };
		2B40020A1A57F315002261CC /* configure.hh */ = {isa = PBXFileReference; fileEncoding = 4; lastKnownFileType = sourcecode.cpp.h; path = configure.hh; sourceTree = "<group>"; };
		2B40020C1A581B0D002261CC /* local_filesystem.hh */ = {isa = PBXFileReference; lastKnownFileType = sourcecode.cpp.h; path = local_filesystem.hh; sourceTree = "<group>"; };
		2B40020D1A581B3E002261CC /* local_filesystem_fwd.hh */ = {isa = PBXFileReference; lastKnownFileType = sourcecode.cpp.h; path = local_filesystem_fwd.hh; sourceTree = "<group>"; };
		2B40020E1A581C26002261CC /* local_fs_impl.hh */ = {isa = PBXFileReference; lastKnownFileType = sourcecode.cpp.h; path = local_fs_impl.hh; sourceTree = "<group>"; };
		2B40020F1A581C64002261CC /* any_fs_impl.hh */ = {isa = PBXFileReference; lastKnownFileType = sourcecode.cpp.h; path = any_fs_impl.hh; sourceTree = "<group>"; };
		2B4002221A5935EF002261CC /* normalize_utf8.cc */ = {isa = PBXFileReference; fileEncoding = 4; lastKnownFileType = sourcecode.cpp.cpp; path = normalize_utf8.cc; sourceTree = "<group>"; };
		2B4002231A5935EF002261CC /* normalize_utf8.hh */ = {isa = PBXFileReference; fileEncoding = 4; lastKnownFileType = sourcecode.cpp.h; path = normalize_utf8.hh; sourceTree = "<group>"; };
		2B5989341A5F23500083F4AF /* synchronize.tcc */ = {isa = PBXFileReference; explicitFileType = sourcecode.cpp.h; path = synchronize.tcc; sourceTree = "<group>"; };
		2B5989351A5F24910083F4AF /* local_filesystem.cc */ = {isa = PBXFileReference; lastKnownFileType = sourcecode.cpp.cpp; path = local_filesystem.cc; sourceTree = "<group>"; };
		2B9600961A51E3980080E3E3 /* CMakeLists.txt */ = {isa = PBXFileReference; fileEncoding = 4; lastKnownFileType = text; path = CMakeLists.txt; sourceTree = "<group>"; };
		2BAAC9DB1A60855D009E43BB /* configuration.cc */ = {isa = PBXFileReference; fileEncoding = 4; lastKnownFileType = sourcecode.cpp.cpp; path = configuration.cc; sourceTree = "<group>"; };
		2BAAC9DD1A60876A009E43BB /* distant_filesystem.cc */ = {isa = PBXFileReference; fileEncoding = 4; lastKnownFileType = sourcecode.cpp.cpp; path = distant_filesystem.cc; sourceTree = "<group>"; };
		2BAD06B81A5DD107006F2883 /* any_fs_impl.tcc */ = {isa = PBXFileReference; explicitFileType = sourcecode.cpp.h; path = any_fs_impl.tcc; sourceTree = "<group>"; };
		2BAD06B91A5EB23F006F2883 /* json_object.tcc */ = {isa = PBXFileReference; explicitFileType = sourcecode.cpp.h; path = json_object.tcc; sourceTree = "<group>"; };
		2BDBC23C1A5A7AF50046C043 /* unicode.cpp */ = {isa = PBXFileReference; fileEncoding = 4; lastKnownFileType = sourcecode.cpp.cpp; path = unicode.cpp; sourceTree = "<group>"; };
		2BDBC23D1A5A7AF50046C043 /* unicode.h */ = {isa = PBXFileReference; fileEncoding = 4; lastKnownFileType = sourcecode.c.h; path = unicode.h; sourceTree = "<group>"; };
		2BDBC23E1A5A7AF50046C043 /* uninorms.cpp */ = {isa = PBXFileReference; fileEncoding = 4; lastKnownFileType = sourcecode.cpp.cpp; path = uninorms.cpp; sourceTree = "<group>"; };
		2BDBC23F1A5A7AF50046C043 /* uninorms.h */ = {isa = PBXFileReference; fileEncoding = 4; lastKnownFileType = sourcecode.c.h; path = uninorms.h; sourceTree = "<group>"; };
		2BDBC2401A5A7AF50046C043 /* unistrip.cpp */ = {isa = PBXFileReference; fileEncoding = 4; lastKnownFileType = sourcecode.cpp.cpp; path = unistrip.cpp; sourceTree = "<group>"; };
		2BDBC2411A5A7AF50046C043 /* unistrip.h */ = {isa = PBXFileReference; fileEncoding = 4; lastKnownFileType = sourcecode.c.h; path = unistrip.h; sourceTree = "<group>"; };
		2BDBC2421A5A7AF50046C043 /* utf16.cpp */ = {isa = PBXFileReference; fileEncoding = 4; lastKnownFileType = sourcecode.cpp.cpp; path = utf16.cpp; sourceTree = "<group>"; };
		2BDBC2431A5A7AF50046C043 /* utf16.h */ = {isa = PBXFileReference; fileEncoding = 4; lastKnownFileType = sourcecode.c.h; path = utf16.h; sourceTree = "<group>"; };
		2BDBC2441A5A7AF50046C043 /* utf8.cpp */ = {isa = PBXFileReference; fileEncoding = 4; lastKnownFileType = sourcecode.cpp.cpp; path = utf8.cpp; sourceTree = "<group>"; };
		2BDBC2451A5A7AF50046C043 /* utf8.h */ = {isa = PBXFileReference; fileEncoding = 4; lastKnownFileType = sourcecode.c.h; path = utf8.h; sourceTree = "<group>"; };
/* End PBXFileReference section */

/* Begin PBXFrameworksBuildPhase section */
		2B4001E31A57C4C8002261CC /* Frameworks */ = {
			isa = PBXFrameworksBuildPhase;
			buildActionMask = 2147483647;
			files = (
			);
			runOnlyForDeploymentPostprocessing = 0;
		};
		2B4001F71A57C541002261CC /* Frameworks */ = {
			isa = PBXFrameworksBuildPhase;
			buildActionMask = 2147483647;
			files = (
				2B4002031A57C567002261CC /* liblibntx.a in Frameworks */,
			);
			runOnlyForDeploymentPostprocessing = 0;
		};
/* End PBXFrameworksBuildPhase section */

/* Begin PBXGroup section */
		2B4001811A57350D002261CC /* ntx */ = {
			isa = PBXGroup;
			children = (
				2B4001891A57350D002261CC /* detail */,
				2B4001841A57350D002261CC /* CMakeLists.txt */,
				2B4001831A57350D002261CC /* automatic_session.hh */,
				2B4001821A57350D002261CC /* automatic_session.cc */,
				2B4001851A57350D002261CC /* configuration.hh */,
				2BAAC9DB1A60855D009E43BB /* configuration.cc */,
				2B4001A91A573E5E002261CC /* distant_filesystem_fwd.hh */,
				2B40018D1A57350D002261CC /* distant_filesystem.hh */,
				2BAAC9DD1A60876A009E43BB /* distant_filesystem.cc */,
				2B40020D1A581B3E002261CC /* local_filesystem_fwd.hh */,
				2B40020C1A581B0D002261CC /* local_filesystem.hh */,
				2B5989351A5F24910083F4AF /* local_filesystem.cc */,
				2B40018C1A57350D002261CC /* make_distant_filesystem.hh */,
				2B40018B1A57350D002261CC /* make_distant_filesystem.cc */,
				2B4001901A57350D002261CC /* make_local_filesystem.hh */,
				2B40018F1A57350D002261CC /* make_local_filesystem.cc */,
				2B4001971A57350D002261CC /* session.hh */,
				2B4001961A57350D002261CC /* session.cc */,
				2B0EF5991A59560C0022E35E /* sub_distant_folder.hh */,
				2B0EF5981A59560C0022E35E /* sub_distant_folder.cc */,
				2B4001981A57350D002261CC /* synchronize.hh */,
				2B4001D01A575F54002261CC /* synchronize.cc */,
				2B4001AA1A573EE1002261CC /* types.hh */,
			);
			path = ntx;
			sourceTree = "<group>";
		};
		2B4001891A57350D002261CC /* detail */ = {
			isa = PBXGroup;
			children = (
				2B40020F1A581C64002261CC /* any_fs_impl.hh */,
				2BAD06B81A5DD107006F2883 /* any_fs_impl.tcc */,
				2B40018A1A57350D002261CC /* async.hh */,
				2B4001DE1A5771F7002261CC /* async.cc */,
				2B4001D91A576148002261CC /* conflict.hh */,
				2B4001D81A576148002261CC /* conflict.cc */,
				2B4001A81A573E19002261CC /* distant_fs_impl.hh */,
				2B4001DB1A576148002261CC /* handle_conflict.hh */,
				2B4001DA1A576148002261CC /* handle_conflict.cc */,
				2B4001E01A57B327002261CC /* json_object.hh */,
				2BAD06B91A5EB23F006F2883 /* json_object.tcc */,
				2B40020E1A581C26002261CC /* local_fs_impl.hh */,
				2B4002061A57E6A3002261CC /* md5.hh */,
				2B4002051A57E6A3002261CC /* md5.cc */,
				2B4001A31A5739F2002261CC /* mk_local_filesystem.hh */,
				2B4001A21A5739F2002261CC /* mk_local_filesystem.cc */,
				2B4001A61A573BB7002261CC /* mk_distant_filesystem.hh */,
				2B4001A51A573BB7002261CC /* mk_distant_filesystem.cc */,
				2B4002231A5935EF002261CC /* normalize_utf8.hh */,
				2B4002221A5935EF002261CC /* normalize_utf8.cc */,
				2B4001D31A5760CC002261CC /* pull.hh */,
				2B4001D21A5760CC002261CC /* pull.cc */,
				2B4001D51A5760CC002261CC /* push.hh */,
				2B4001D41A5760CC002261CC /* push.cc */,
				2B4001CF1A575F23002261CC /* synchronize.hh */,
				2B5989341A5F23500083F4AF /* synchronize.tcc */,
			);
			path = detail;
			sourceTree = "<group>";
		};
		2B4001AB1A5749AF002261CC /* ext */ = {
			isa = PBXGroup;
			children = (
				2BDBC23B1A5A7AF50046C043 /* unilib */,
				2B4001AC1A5749C9002261CC /* rapidjson */,
			);
			path = ext;
			sourceTree = "<group>";
		};
		2B4001AC1A5749C9002261CC /* rapidjson */ = {
			isa = PBXGroup;
			children = (
				2B4001AD1A5749C9002261CC /* allocators.h */,
				2B4001AE1A5749C9002261CC /* document.h */,
				2B4001AF1A5749C9002261CC /* encodedstream.h */,
				2B4001B01A5749C9002261CC /* encodings.h */,
				2B4001B11A5749C9002261CC /* error */,
				2B4001B41A5749C9002261CC /* filereadstream.h */,
				2B4001B51A5749C9002261CC /* filestream.h */,
				2B4001B61A5749C9002261CC /* filewritestream.h */,
				2B4001B71A5749C9002261CC /* internal */,
				2B4001C21A5749C9002261CC /* memorybuffer.h */,
				2B4001C31A5749C9002261CC /* memorystream.h */,
				2B4001C41A5749C9002261CC /* msinttypes */,
				2B4001C71A5749C9002261CC /* prettywriter.h */,
				2B4001C81A5749C9002261CC /* rapidjson.h */,
				2B4001C91A5749C9002261CC /* reader.h */,
				2B4001CA1A5749C9002261CC /* stringbuffer.h */,
				2B4001CB1A5749C9002261CC /* writer.h */,
			);
			path = rapidjson;
			sourceTree = "<group>";
		};
		2B4001B11A5749C9002261CC /* error */ = {
			isa = PBXGroup;
			children = (
				2B4001B21A5749C9002261CC /* en.h */,
				2B4001B31A5749C9002261CC /* error.h */,
			);
			path = error;
			sourceTree = "<group>";
		};
		2B4001B71A5749C9002261CC /* internal */ = {
			isa = PBXGroup;
			children = (
				2B4001B81A5749C9002261CC /* biginteger.h */,
				2B4001B91A5749C9002261CC /* diyfp.h */,
				2B4001BA1A5749C9002261CC /* dtoa.h */,
				2B4001BB1A5749C9002261CC /* ieee754.h */,
				2B4001BC1A5749C9002261CC /* itoa.h */,
				2B4001BD1A5749C9002261CC /* meta.h */,
				2B4001BE1A5749C9002261CC /* pow10.h */,
				2B4001BF1A5749C9002261CC /* stack.h */,
				2B4001C01A5749C9002261CC /* strfunc.h */,
				2B4001C11A5749C9002261CC /* strtod.h */,
			);
			path = internal;
			sourceTree = "<group>";
		};
		2B4001C41A5749C9002261CC /* msinttypes */ = {
			isa = PBXGroup;
			children = (
				2B4001C51A5749C9002261CC /* inttypes.h */,
				2B4001C61A5749C9002261CC /* stdint.h */,
			);
			path = msinttypes;
			sourceTree = "<group>";
		};
		2B4001FB1A57C541002261CC /* sync */ = {
			isa = PBXGroup;
			children = (
				2B4002041A57C5C7002261CC /* CMakeLists.txt */,
				2B4001FC1A57C541002261CC /* main.cc */,
				2B40020A1A57F315002261CC /* configure.hh */,
				2B4002091A57F315002261CC /* configure.cc */,
			);
			path = sync;
			sourceTree = "<group>";
		};
		2B67A0D51A51D07300DB958A = {
			isa = PBXGroup;
			children = (
				2B9600961A51E3980080E3E3 /* CMakeLists.txt */,
				2B4001AB1A5749AF002261CC /* ext */,
				2B4001811A57350D002261CC /* ntx */,
				2B67A0DF1A51D07300DB958A /* bin */,
				2B4001FB1A57C541002261CC /* sync */,
			);
			sourceTree = "<group>";
		};
		2B67A0DF1A51D07300DB958A /* bin */ = {
			isa = PBXGroup;
			children = (
				2B4001E61A57C4C8002261CC /* liblibntx.a */,
				2B4001FA1A57C541002261CC /* sync */,
			);
			name = bin;
			sourceTree = "<group>";
		};
		2BDBC23B1A5A7AF50046C043 /* unilib */ = {
			isa = PBXGroup;
			children = (
				2BDBC23C1A5A7AF50046C043 /* unicode.cpp */,
				2BDBC23D1A5A7AF50046C043 /* unicode.h */,
				2BDBC23E1A5A7AF50046C043 /* uninorms.cpp */,
				2BDBC23F1A5A7AF50046C043 /* uninorms.h */,
				2BDBC2401A5A7AF50046C043 /* unistrip.cpp */,
				2BDBC2411A5A7AF50046C043 /* unistrip.h */,
				2BDBC2421A5A7AF50046C043 /* utf16.cpp */,
				2BDBC2431A5A7AF50046C043 /* utf16.h */,
				2BDBC2441A5A7AF50046C043 /* utf8.cpp */,
				2BDBC2451A5A7AF50046C043 /* utf8.h */,
			);
			path = unilib;
			sourceTree = "<group>";
		};
/* End PBXGroup section */

/* Begin PBXHeadersBuildPhase section */
		2B4001E41A57C4C8002261CC /* Headers */ = {
			isa = PBXHeadersBuildPhase;
			buildActionMask = 2147483647;
			files = (
				2B0EF59B1A59560C0022E35E /* sub_distant_folder.hh in Headers */,
				2BDBC2491A5A7AF50046C043 /* uninorms.h in Headers */,
				2BDBC24B1A5A7AF50046C043 /* unistrip.h in Headers */,
				2BDBC24F1A5A7AF50046C043 /* utf8.h in Headers */,
				2BDBC24D1A5A7AF50046C043 /* utf16.h in Headers */,
				2B4002081A57E6A3002261CC /* md5.hh in Headers */,
				2BDBC2471A5A7AF50046C043 /* unicode.h in Headers */,
				2B4002251A5935EF002261CC /* normalize_utf8.hh in Headers */,
			);
			runOnlyForDeploymentPostprocessing = 0;
		};
/* End PBXHeadersBuildPhase section */

/* Begin PBXNativeTarget section */
		2B4001E51A57C4C8002261CC /* libntx */ = {
			isa = PBXNativeTarget;
			buildConfigurationList = 2B4001E91A57C4C8002261CC /* Build configuration list for PBXNativeTarget "libntx" */;
			buildPhases = (
				2B4001E21A57C4C8002261CC /* Sources */,
				2B4001E31A57C4C8002261CC /* Frameworks */,
				2B4001E41A57C4C8002261CC /* Headers */,
			);
			buildRules = (
			);
			dependencies = (
			);
			name = libntx;
			productName = libntx;
			productReference = 2B4001E61A57C4C8002261CC /* liblibntx.a */;
			productType = "com.apple.product-type.library.static";
		};
		2B4001F91A57C541002261CC /* sync */ = {
			isa = PBXNativeTarget;
			buildConfigurationList = 2B4001FE1A57C541002261CC /* Build configuration list for PBXNativeTarget "sync" */;
			buildPhases = (
				2B4001F61A57C541002261CC /* Sources */,
				2B4001F71A57C541002261CC /* Frameworks */,
				2B4001F81A57C541002261CC /* CopyFiles */,
			);
			buildRules = (
			);
			dependencies = (
				2B4002021A57C563002261CC /* PBXTargetDependency */,
			);
			name = sync;
			productName = sync;
			productReference = 2B4001FA1A57C541002261CC /* sync */;
			productType = "com.apple.product-type.tool";
		};
/* End PBXNativeTarget section */

/* Begin PBXProject section */
		2B67A0D61A51D07300DB958A /* Project object */ = {
			isa = PBXProject;
			attributes = {
				LastUpgradeCheck = 0610;
				TargetAttributes = {
					2B4001E51A57C4C8002261CC = {
						CreatedOnToolsVersion = 6.1.1;
					};
					2B4001F91A57C541002261CC = {
						CreatedOnToolsVersion = 6.1.1;
					};
				};
			};
			buildConfigurationList = 2B67A0D91A51D07300DB958A /* Build configuration list for PBXProject "netexplorer" */;
			compatibilityVersion = "Xcode 3.2";
			developmentRegion = English;
			hasScannedForEncodings = 0;
			knownRegions = (
				en,
			);
			mainGroup = 2B67A0D51A51D07300DB958A;
			productRefGroup = 2B67A0DF1A51D07300DB958A /* bin */;
			projectDirPath = "";
			projectRoot = "";
			targets = (
				2B4001E51A57C4C8002261CC /* libntx */,
				2B4001F91A57C541002261CC /* sync */,
			);
		};
/* End PBXProject section */

/* Begin PBXSourcesBuildPhase section */
		2B4001E21A57C4C8002261CC /* Sources */ = {
			isa = PBXSourcesBuildPhase;
			buildActionMask = 2147483647;
			files = (
				2B8CAC591A5F28750028704F /* local_filesystem.cc in Sources */,
				2B5989361A5F24F80083F4AF /* liblibntx.a in Sources */,
				2BDBC24A1A5A7AF50046C043 /* unistrip.cpp in Sources */,
				2B4002071A57E6A3002261CC /* md5.cc in Sources */,
				2B4001EA1A57C4E2002261CC /* automatic_session.cc in Sources */,
				2B4001EB1A57C4E2002261CC /* async.cc in Sources */,
				2BAAC9DC1A60855D009E43BB /* configuration.cc in Sources */,
				2BDBC2481A5A7AF50046C043 /* uninorms.cpp in Sources */,
				2B0EF59A1A59560C0022E35E /* sub_distant_folder.cc in Sources */,
				2B4001EC1A57C4E2002261CC /* conflict.cc in Sources */,
				2BDBC24C1A5A7AF50046C043 /* utf16.cpp in Sources */,
				2B4002241A5935EF002261CC /* normalize_utf8.cc in Sources */,
				2B4001ED1A57C4E2002261CC /* handle_conflict.cc in Sources */,
				2B4001EE1A57C4E2002261CC /* mk_local_filesystem.cc in Sources */,
				2B4001EF1A57C4E2002261CC /* mk_distant_filesystem.cc in Sources */,
				2B4001F01A57C4E2002261CC /* pull.cc in Sources */,
				2BDBC24E1A5A7AF50046C043 /* utf8.cpp in Sources */,
				2B4001F11A57C4E2002261CC /* push.cc in Sources */,
				2B4001F21A57C4E2002261CC /* make_distant_filesystem.cc in Sources */,
				2B4001F31A57C4E2002261CC /* make_local_filesystem.cc in Sources */,
				2BAAC9DE1A60876A009E43BB /* distant_filesystem.cc in Sources */,
				2BDBC2461A5A7AF50046C043 /* unicode.cpp in Sources */,
				2B4001F41A57C4E2002261CC /* session.cc in Sources */,
				2B4001F51A57C4E2002261CC /* synchronize.cc in Sources */,
			);
			runOnlyForDeploymentPostprocessing = 0;
		};
		2B4001F61A57C541002261CC /* Sources */ = {
			isa = PBXSourcesBuildPhase;
			buildActionMask = 2147483647;
			files = (
				2B4001FD1A57C541002261CC /* main.cc in Sources */,
				2B40020B1A57F315002261CC /* configure.cc in Sources */,
			);
			runOnlyForDeploymentPostprocessing = 0;
		};
/* End PBXSourcesBuildPhase section */

/* Begin PBXTargetDependency section */
		2B4002021A57C563002261CC /* PBXTargetDependency */ = {
			isa = PBXTargetDependency;
			target = 2B4001E51A57C4C8002261CC /* libntx */;
			targetProxy = 2B4002011A57C563002261CC /* PBXContainerItemProxy */;
		};
/* End PBXTargetDependency section */

/* Begin XCBuildConfiguration section */
		2B4001E71A57C4C8002261CC /* Debug */ = {
			isa = XCBuildConfiguration;
			buildSettings = {
				EXECUTABLE_PREFIX = lib;
				GCC_PREPROCESSOR_DEFINITIONS = (
					"DEBUG=1",
					"$(inherited)",
				);
				PRODUCT_NAME = "$(TARGET_NAME)";
			};
			name = Debug;
		};
		2B4001E81A57C4C8002261CC /* Release */ = {
			isa = XCBuildConfiguration;
			buildSettings = {
				EXECUTABLE_PREFIX = lib;
				PRODUCT_NAME = "$(TARGET_NAME)";
			};
			name = Release;
		};
		2B4001FF1A57C541002261CC /* Debug */ = {
			isa = XCBuildConfiguration;
			buildSettings = {
				GCC_PREPROCESSOR_DEFINITIONS = (
					"DEBUG=1",
					"$(inherited)",
				);
				PRODUCT_NAME = "$(TARGET_NAME)";
			};
			name = Debug;
		};
		2B4002001A57C541002261CC /* Release */ = {
			isa = XCBuildConfiguration;
			buildSettings = {
				PRODUCT_NAME = "$(TARGET_NAME)";
			};
			name = Release;
		};
		2B67A0E31A51D07300DB958A /* Debug */ = {
			isa = XCBuildConfiguration;
			buildSettings = {
				ALWAYS_SEARCH_USER_PATHS = NO;
				CLANG_CXX_LANGUAGE_STANDARD = "c++14";
				CLANG_CXX_LIBRARY = "libc++";
				CLANG_ENABLE_MODULES = YES;
				CLANG_ENABLE_OBJC_ARC = YES;
				CLANG_WARN_BOOL_CONVERSION = YES;
				CLANG_WARN_CONSTANT_CONVERSION = YES;
				CLANG_WARN_DIRECT_OBJC_ISA_USAGE = YES_ERROR;
				CLANG_WARN_EMPTY_BODY = YES;
				CLANG_WARN_ENUM_CONVERSION = YES;
				CLANG_WARN_INT_CONVERSION = YES;
				CLANG_WARN_OBJC_ROOT_CLASS = YES_ERROR;
				CLANG_WARN_UNREACHABLE_CODE = YES;
				CLANG_WARN__DUPLICATE_METHOD_MATCH = YES;
				COPY_PHASE_STRIP = NO;
				ENABLE_STRICT_OBJC_MSGSEND = YES;
				GCC_C_LANGUAGE_STANDARD = gnu99;
				GCC_DYNAMIC_NO_PIC = NO;
				GCC_OPTIMIZATION_LEVEL = 0;
				GCC_PREPROCESSOR_DEFINITIONS = (
					"DEBUG=1",
					"$(inherited)",
				);
				GCC_SYMBOLS_PRIVATE_EXTERN = NO;
				GCC_WARN_64_TO_32_BIT_CONVERSION = YES;
				GCC_WARN_ABOUT_RETURN_TYPE = YES_ERROR;
				GCC_WARN_UNDECLARED_SELECTOR = YES;
				GCC_WARN_UNINITIALIZED_AUTOS = YES_AGGRESSIVE;
				GCC_WARN_UNUSED_FUNCTION = YES;
				GCC_WARN_UNUSED_VARIABLE = YES;
				HEADER_SEARCH_PATHS = (
					"$(inherited)",
					/Applications/Xcode.app/Contents/Developer/Toolchains/XcodeDefault.xctoolchain/usr/include,
					/usr/local/include,
					"$(BOOST_INCLUDE)",
					"$(SRCROOT)",
					"$(SRCROOT)/ext",
				);
				LIBRARY_SEARCH_PATHS = (
					"$(BOOST_LIB)",
					/usr/local/lib,
					/opt/local/lib,
				);
				MACOSX_DEPLOYMENT_TARGET = 10.10;
				MTL_ENABLE_DEBUG_INFO = YES;
				ONLY_ACTIVE_ARCH = YES;
				OTHER_LDFLAGS = (
					"-lboost_thread",
					"-lboost_system",
					"-lboost_regex",
					"-lboost_date_time",
					"-lcppnetlib-client-connections",
					"-lcppnetlib-uri",
					"-lssl",
					"-lcrypto",
					"-lboost_filesystem",
					"-lboost_program_options",
				);
				SDKROOT = macosx;
			};
			name = Debug;
		};
		2B67A0E41A51D07300DB958A /* Release */ = {
			isa = XCBuildConfiguration;
			buildSettings = {
				ALWAYS_SEARCH_USER_PATHS = NO;
				CLANG_CXX_LANGUAGE_STANDARD = "c++14";
				CLANG_CXX_LIBRARY = "libc++";
				CLANG_ENABLE_MODULES = YES;
				CLANG_ENABLE_OBJC_ARC = YES;
				CLANG_WARN_BOOL_CONVERSION = YES;
				CLANG_WARN_CONSTANT_CONVERSION = YES;
				CLANG_WARN_DIRECT_OBJC_ISA_USAGE = YES_ERROR;
				CLANG_WARN_EMPTY_BODY = YES;
				CLANG_WARN_ENUM_CONVERSION = YES;
				CLANG_WARN_INT_CONVERSION = YES;
				CLANG_WARN_OBJC_ROOT_CLASS = YES_ERROR;
				CLANG_WARN_UNREACHABLE_CODE = YES;
				CLANG_WARN__DUPLICATE_METHOD_MATCH = YES;
				COPY_PHASE_STRIP = YES;
				DEBUG_INFORMATION_FORMAT = "dwarf-with-dsym";
				ENABLE_NS_ASSERTIONS = NO;
				ENABLE_STRICT_OBJC_MSGSEND = YES;
				GCC_C_LANGUAGE_STANDARD = gnu99;
				GCC_WARN_64_TO_32_BIT_CONVERSION = YES;
				GCC_WARN_ABOUT_RETURN_TYPE = YES_ERROR;
				GCC_WARN_UNDECLARED_SELECTOR = YES;
				GCC_WARN_UNINITIALIZED_AUTOS = YES_AGGRESSIVE;
				GCC_WARN_UNUSED_FUNCTION = YES;
				GCC_WARN_UNUSED_VARIABLE = YES;
				HEADER_SEARCH_PATHS = (
					"$(inherited)",
					/Applications/Xcode.app/Contents/Developer/Toolchains/XcodeDefault.xctoolchain/usr/include,
					/usr/local/include,
					"$(BOOST_INCLUDE)",
					"$(SRCROOT)",
					"$(SRCROOT)/ext",
				);
				LIBRARY_SEARCH_PATHS = (
					"$(BOOST_LIB)",
					/usr/local/lib,
					/opt/local/lib,
				);
				MACOSX_DEPLOYMENT_TARGET = 10.10;
				MTL_ENABLE_DEBUG_INFO = NO;
				OTHER_LDFLAGS = (
					"-lboost_thread",
					"-lboost_system",
					"-lboost_regex",
					"-lboost_date_time",
					"-lcppnetlib-client-connections",
					"-lcppnetlib-uri",
					"-lssl",
					"-lcrypto",
					"-lboost_filesystem",
					"-lboost_program_options",
				);
				SDKROOT = macosx;
			};
			name = Release;
		};
/* End XCBuildConfiguration section */

/* Begin XCConfigurationList section */
		2B4001E91A57C4C8002261CC /* Build configuration list for PBXNativeTarget "libntx" */ = {
			isa = XCConfigurationList;
			buildConfigurations = (
				2B4001E71A57C4C8002261CC /* Debug */,
				2B4001E81A57C4C8002261CC /* Release */,
			);
			defaultConfigurationIsVisible = 0;
			defaultConfigurationName = Release;
		};
		2B4001FE1A57C541002261CC /* Build configuration list for PBXNativeTarget "sync" */ = {
			isa = XCConfigurationList;
			buildConfigurations = (
				2B4001FF1A57C541002261CC /* Debug */,
				2B4002001A57C541002261CC /* Release */,
			);
			defaultConfigurationIsVisible = 0;
			defaultConfigurationName = Release;
		};
		2B67A0D91A51D07300DB958A /* Build configuration list for PBXProject "netexplorer" */ = {
			isa = XCConfigurationList;
			buildConfigurations = (
				2B67A0E31A51D07300DB958A /* Debug */,
				2B67A0E41A51D07300DB958A /* Release */,
			);
			defaultConfigurationIsVisible = 0;
			defaultConfigurationName = Release;
		};
/* End XCConfigurationList section */
	};
	rootObject = 2B67A0D61A51D07300DB958A /* Project object */;
}
